
Microsoft Visual Studio Solution File, Format Version 12.00
# Visual Studio Version 16
VisualStudioVersion = 16.0.30011.22
MinimumVisualStudioVersion = 10.0.40219.1
Project("{FAE04EC0-301F-11D3-BF4B-00C04F79EFBC}") = "Reface.AppStarter.Async", "Reface.AppStarter.Async\Reface.AppStarter.Async.csproj", "{2A83CC5B-F744-4EB2-9EBF-474A81ECC44E}"
EndProject
Project("{FAE04EC0-301F-11D3-BF4B-00C04F79EFBC}") = "Reface.AppStarter.Async.Tests", "Reface.AppStarter.Async.Tests\Reface.AppStarter.Async.Tests.csproj", "{2974F10D-D807-4735-955F-1B660A38A64C}"
EndProject
Global
	GlobalSection(SolutionConfigurationPlatforms) = preSolution
		Debug|Any CPU = Debug|Any CPU
		Release|Any CPU = Release|Any CPU
	EndGlobalSection
	GlobalSection(ProjectConfigurationPlatforms) = postSolution
		{2A83CC5B-F744-4EB2-9EBF-474A81ECC44E}.Debug|Any CPU.ActiveCfg = Debug|Any CPU
		{2A83CC5B-F744-4EB2-9EBF-474A81ECC44E}.Debug|Any CPU.Build.0 = Debug|Any CPU
		{2A83CC5B-F744-4EB2-9EBF-474A81ECC44E}.Release|Any CPU.ActiveCfg = Release|Any CPU
		{2A83CC5B-F744-4EB2-9EBF-474A81ECC44E}.Release|Any CPU.Build.0 = Release|Any CPU
		{2974F10D-D807-4735-955F-1B660A38A64C}.Debug|Any CPU.ActiveCfg = Debug|Any CPU
		{2974F10D-D807-4735-955F-1B660A38A64C}.Debug|Any CPU.Build.0 = Debug|Any CPU
		{2974F10D-D807-4735-955F-1B660A38A64C}.Release|Any CPU.ActiveCfg = Release|Any CPU
		{2974F10D-D807-4735-955F-1B660A38A64C}.Release|Any CPU.Build.0 = Release|Any CPU
	EndGlobalSection
	GlobalSection(SolutionProperties) = preSolution
		HideSolutionNode = FALSE
	EndGlobalSection
	GlobalSection(ExtensibilityGlobals) = postSolution
		SolutionGuid = {82699B37-A6E5-4F3B-B3E3-6E9CC7A89603}
	EndGlobalSection
EndGlobal
